// !$*UTF8*$!
{
	archiveVersion = 1;
	classes = {
	};
	objectVersion = 50;
	objects = {

/* Begin PBXBuildFile section */
		84769A7C263DB63400107170 /* Assets.xcassets in Resources */ = {isa = PBXBuildFile; fileRef = 84769A7B263DB63400107170 /* Assets.xcassets */; };
		84879D42263DA6B200FF01A4 /* AppDelegate.swift in Sources */ = {isa = PBXBuildFile; fileRef = 84879D41263DA6B200FF01A4 /* AppDelegate.swift */; };
		84879D44263DA6B200FF01A4 /* ViewController.swift in Sources */ = {isa = PBXBuildFile; fileRef = 84879D43263DA6B200FF01A4 /* ViewController.swift */; };
		84879D47263DA6B200FF01A4 /* Main.storyboard in Resources */ = {isa = PBXBuildFile; fileRef = 84879D45263DA6B200FF01A4 /* Main.storyboard */; };
		84879D4C263DA6B300FF01A4 /* LaunchScreen.storyboard in Resources */ = {isa = PBXBuildFile; fileRef = 84879D4A263DA6B300FF01A4 /* LaunchScreen.storyboard */; };
		84879D57263DA6B400FF01A4 /* EpicAnimation_for_TVTests.swift in Sources */ = {isa = PBXBuildFile; fileRef = 84879D56263DA6B400FF01A4 /* EpicAnimation_for_TVTests.swift */; };
		84879D62263DA6B400FF01A4 /* EpicAnimation_for_TVUITests.swift in Sources */ = {isa = PBXBuildFile; fileRef = 84879D61263DA6B400FF01A4 /* EpicAnimation_for_TVUITests.swift */; };
		84879D85263DA86B00FF01A4 /* FirstViewController.swift in Sources */ = {isa = PBXBuildFile; fileRef = 84879D84263DA86B00FF01A4 /* FirstViewController.swift */; };
		84879D8A263DA87D00FF01A4 /* GeneratorFlight.swift in Sources */ = {isa = PBXBuildFile; fileRef = 84879D89263DA87D00FF01A4 /* GeneratorFlight.swift */; };
		84879D8F263DA88A00FF01A4 /* Flight.swift in Sources */ = {isa = PBXBuildFile; fileRef = 84879D8E263DA88A00FF01A4 /* Flight.swift */; };
		84879D95263DA90200FF01A4 /* UIColor.swift in Sources */ = {isa = PBXBuildFile; fileRef = 84879D94263DA90200FF01A4 /* UIColor.swift */; };
/* End PBXBuildFile section */

/* Begin PBXContainerItemProxy section */
		84879D53263DA6B400FF01A4 /* PBXContainerItemProxy */ = {
			isa = PBXContainerItemProxy;
			containerPortal = 84879D36263DA6B200FF01A4 /* Project object */;
			proxyType = 1;
			remoteGlobalIDString = 84879D3D263DA6B200FF01A4;
			remoteInfo = "EpicAnimation for TV";
		};
		84879D5E263DA6B400FF01A4 /* PBXContainerItemProxy */ = {
			isa = PBXContainerItemProxy;
			containerPortal = 84879D36263DA6B200FF01A4 /* Project object */;
			proxyType = 1;
			remoteGlobalIDString = 84879D3D263DA6B200FF01A4;
			remoteInfo = "EpicAnimation for TV";
		};
/* End PBXContainerItemProxy section */

/* Begin PBXFileReference section */
		84769A7B263DB63400107170 /* Assets.xcassets */ = {isa = PBXFileReference; lastKnownFileType = folder.assetcatalog; path = Assets.xcassets; sourceTree = "<group>"; };
		84879D3E263DA6B200FF01A4 /* EpicAnimation for TV.app */ = {isa = PBXFileReference; explicitFileType = wrapper.application; includeInIndex = 0; path = "EpicAnimation for TV.app"; sourceTree = BUILT_PRODUCTS_DIR; };
		84879D41263DA6B200FF01A4 /* AppDelegate.swift */ = {isa = PBXFileReference; lastKnownFileType = sourcecode.swift; path = AppDelegate.swift; sourceTree = "<group>"; };
		84879D43263DA6B200FF01A4 /* ViewController.swift */ = {isa = PBXFileReference; lastKnownFileType = sourcecode.swift; path = ViewController.swift; sourceTree = "<group>"; };
		84879D46263DA6B200FF01A4 /* Base */ = {isa = PBXFileReference; lastKnownFileType = file.storyboard; name = Base; path = Base.lproj/Main.storyboard; sourceTree = "<group>"; };
		84879D4B263DA6B300FF01A4 /* Base */ = {isa = PBXFileReference; lastKnownFileType = file.storyboard; name = Base; path = Base.lproj/LaunchScreen.storyboard; sourceTree = "<group>"; };
		84879D4D263DA6B300FF01A4 /* Info.plist */ = {isa = PBXFileReference; lastKnownFileType = text.plist.xml; path = Info.plist; sourceTree = "<group>"; };
		84879D52263DA6B400FF01A4 /* EpicAnimation for TVTests.xctest */ = {isa = PBXFileReference; explicitFileType = wrapper.cfbundle; includeInIndex = 0; path = "EpicAnimation for TVTests.xctest"; sourceTree = BUILT_PRODUCTS_DIR; };
		84879D56263DA6B400FF01A4 /* EpicAnimation_for_TVTests.swift */ = {isa = PBXFileReference; lastKnownFileType = sourcecode.swift; path = EpicAnimation_for_TVTests.swift; sourceTree = "<group>"; };
		84879D58263DA6B400FF01A4 /* Info.plist */ = {isa = PBXFileReference; lastKnownFileType = text.plist.xml; path = Info.plist; sourceTree = "<group>"; };
		84879D5D263DA6B400FF01A4 /* EpicAnimation for TVUITests.xctest */ = {isa = PBXFileReference; explicitFileType = wrapper.cfbundle; includeInIndex = 0; path = "EpicAnimation for TVUITests.xctest"; sourceTree = BUILT_PRODUCTS_DIR; };
		84879D61263DA6B400FF01A4 /* EpicAnimation_for_TVUITests.swift */ = {isa = PBXFileReference; lastKnownFileType = sourcecode.swift; path = EpicAnimation_for_TVUITests.swift; sourceTree = "<group>"; };
		84879D63263DA6B400FF01A4 /* Info.plist */ = {isa = PBXFileReference; lastKnownFileType = text.plist.xml; path = Info.plist; sourceTree = "<group>"; };
		84879D84263DA86B00FF01A4 /* FirstViewController.swift */ = {isa = PBXFileReference; lastKnownFileType = sourcecode.swift; path = FirstViewController.swift; sourceTree = "<group>"; };
		84879D89263DA87D00FF01A4 /* GeneratorFlight.swift */ = {isa = PBXFileReference; lastKnownFileType = sourcecode.swift; path = GeneratorFlight.swift; sourceTree = "<group>"; };
		84879D8E263DA88A00FF01A4 /* Flight.swift */ = {isa = PBXFileReference; lastKnownFileType = sourcecode.swift; path = Flight.swift; sourceTree = "<group>"; };
		84879D94263DA90200FF01A4 /* UIColor.swift */ = {isa = PBXFileReference; lastKnownFileType = sourcecode.swift; path = UIColor.swift; sourceTree = "<group>"; };
/* End PBXFileReference section */

/* Begin PBXFrameworksBuildPhase section */
		84879D3B263DA6B200FF01A4 /* Frameworks */ = {
			isa = PBXFrameworksBuildPhase;
			buildActionMask = 2147483647;
			files = (
			);
			runOnlyForDeploymentPostprocessing = 0;
		};
		84879D4F263DA6B400FF01A4 /* Frameworks */ = {
			isa = PBXFrameworksBuildPhase;
			buildActionMask = 2147483647;
			files = (
			);
			runOnlyForDeploymentPostprocessing = 0;
		};
		84879D5A263DA6B400FF01A4 /* Frameworks */ = {
			isa = PBXFrameworksBuildPhase;
			buildActionMask = 2147483647;
			files = (
			);
			runOnlyForDeploymentPostprocessing = 0;
		};
/* End PBXFrameworksBuildPhase section */

/* Begin PBXGroup section */
		84879D35263DA6B200FF01A4 = {
			isa = PBXGroup;
			children = (
				84879D40263DA6B200FF01A4 /* EpicAnimation for TV */,
				84879D55263DA6B400FF01A4 /* EpicAnimation for TVTests */,
				84879D60263DA6B400FF01A4 /* EpicAnimation for TVUITests */,
				84879D3F263DA6B200FF01A4 /* Products */,
			);
			sourceTree = "<group>";
		};
		84879D3F263DA6B200FF01A4 /* Products */ = {
			isa = PBXGroup;
			children = (
				84879D3E263DA6B200FF01A4 /* EpicAnimation for TV.app */,
				84879D52263DA6B400FF01A4 /* EpicAnimation for TVTests.xctest */,
				84879D5D263DA6B400FF01A4 /* EpicAnimation for TVUITests.xctest */,
			);
			name = Products;
			sourceTree = "<group>";
		};
		84879D40263DA6B200FF01A4 /* EpicAnimation for TV */ = {
			isa = PBXGroup;
			children = (
				84879D93263DA8F700FF01A4 /* Extension */,
				84879D41263DA6B200FF01A4 /* AppDelegate.swift */,
				84879D72263DA76C00FF01A4 /* MVC */,
				84879D45263DA6B200FF01A4 /* Main.storyboard */,
				84879D4A263DA6B300FF01A4 /* LaunchScreen.storyboard */,
				84879D4D263DA6B300FF01A4 /* Info.plist */,
				84769A7B263DB63400107170 /* Assets.xcassets */,
			);
			path = "EpicAnimation for TV";
			sourceTree = "<group>";
		};
		84879D55263DA6B400FF01A4 /* EpicAnimation for TVTests */ = {
			isa = PBXGroup;
			children = (
				84879D56263DA6B400FF01A4 /* EpicAnimation_for_TVTests.swift */,
				84879D58263DA6B400FF01A4 /* Info.plist */,
			);
			path = "EpicAnimation for TVTests";
			sourceTree = "<group>";
		};
		84879D60263DA6B400FF01A4 /* EpicAnimation for TVUITests */ = {
			isa = PBXGroup;
			children = (
				84879D61263DA6B400FF01A4 /* EpicAnimation_for_TVUITests.swift */,
				84879D63263DA6B400FF01A4 /* Info.plist */,
			);
			path = "EpicAnimation for TVUITests";
			sourceTree = "<group>";
		};
		84879D72263DA76C00FF01A4 /* MVC */ = {
			isa = PBXGroup;
			children = (
				84879D75263DA78000FF01A4 /* Model */,
				84879D74263DA77B00FF01A4 /* View */,
				84879D73263DA77300FF01A4 /* Controller */,
			);
			path = MVC;
			sourceTree = "<group>";
		};
		84879D73263DA77300FF01A4 /* Controller */ = {
			isa = PBXGroup;
			children = (
				84879D43263DA6B200FF01A4 /* ViewController.swift */,
				84879D84263DA86B00FF01A4 /* FirstViewController.swift */,
			);
			path = Controller;
			sourceTree = "<group>";
		};
		84879D74263DA77B00FF01A4 /* View */ = {
			isa = PBXGroup;
			children = (
			);
			path = View;
			sourceTree = "<group>";
		};
		84879D75263DA78000FF01A4 /* Model */ = {
			isa = PBXGroup;
			children = (
				84879D76263DA78700FF01A4 /* Flight */,
			);
			path = Model;
			sourceTree = "<group>";
		};
		84879D76263DA78700FF01A4 /* Flight */ = {
			isa = PBXGroup;
			children = (
				84879D89263DA87D00FF01A4 /* GeneratorFlight.swift */,
				84879D8E263DA88A00FF01A4 /* Flight.swift */,
			);
			path = Flight;
			sourceTree = "<group>";
		};
		84879D93263DA8F700FF01A4 /* Extension */ = {
			isa = PBXGroup;
			children = (
				84879D94263DA90200FF01A4 /* UIColor.swift */,
			);
			path = Extension;
			sourceTree = "<group>";
		};
/* End PBXGroup section */

/* Begin PBXNativeTarget section */
		84879D3D263DA6B200FF01A4 /* EpicAnimation for TV */ = {
			isa = PBXNativeTarget;
			buildConfigurationList = 84879D66263DA6B400FF01A4 /* Build configuration list for PBXNativeTarget "EpicAnimation for TV" */;
			buildPhases = (
				84879D3A263DA6B200FF01A4 /* Sources */,
				84879D3B263DA6B200FF01A4 /* Frameworks */,
				84879D3C263DA6B200FF01A4 /* Resources */,
			);
			buildRules = (
			);
			dependencies = (
			);
			name = "EpicAnimation for TV";
			productName = "EpicAnimation for TV";
			productReference = 84879D3E263DA6B200FF01A4 /* EpicAnimation for TV.app */;
			productType = "com.apple.product-type.application";
		};
		84879D51263DA6B400FF01A4 /* EpicAnimation for TVTests */ = {
			isa = PBXNativeTarget;
			buildConfigurationList = 84879D69263DA6B400FF01A4 /* Build configuration list for PBXNativeTarget "EpicAnimation for TVTests" */;
			buildPhases = (
				84879D4E263DA6B400FF01A4 /* Sources */,
				84879D4F263DA6B400FF01A4 /* Frameworks */,
				84879D50263DA6B400FF01A4 /* Resources */,
			);
			buildRules = (
			);
			dependencies = (
				84879D54263DA6B400FF01A4 /* PBXTargetDependency */,
			);
			name = "EpicAnimation for TVTests";
			productName = "EpicAnimation for TVTests";
			productReference = 84879D52263DA6B400FF01A4 /* EpicAnimation for TVTests.xctest */;
			productType = "com.apple.product-type.bundle.unit-test";
		};
		84879D5C263DA6B400FF01A4 /* EpicAnimation for TVUITests */ = {
			isa = PBXNativeTarget;
			buildConfigurationList = 84879D6C263DA6B400FF01A4 /* Build configuration list for PBXNativeTarget "EpicAnimation for TVUITests" */;
			buildPhases = (
				84879D59263DA6B400FF01A4 /* Sources */,
				84879D5A263DA6B400FF01A4 /* Frameworks */,
				84879D5B263DA6B400FF01A4 /* Resources */,
			);
			buildRules = (
			);
			dependencies = (
				84879D5F263DA6B400FF01A4 /* PBXTargetDependency */,
			);
			name = "EpicAnimation for TVUITests";
			productName = "EpicAnimation for TVUITests";
			productReference = 84879D5D263DA6B400FF01A4 /* EpicAnimation for TVUITests.xctest */;
			productType = "com.apple.product-type.bundle.ui-testing";
		};
/* End PBXNativeTarget section */

/* Begin PBXProject section */
		84879D36263DA6B200FF01A4 /* Project object */ = {
			isa = PBXProject;
			attributes = {
				LastSwiftUpdateCheck = 1230;
				LastUpgradeCheck = 1230;
				TargetAttributes = {
					84879D3D263DA6B200FF01A4 = {
						CreatedOnToolsVersion = 12.3;
					};
					84879D51263DA6B400FF01A4 = {
						CreatedOnToolsVersion = 12.3;
						TestTargetID = 84879D3D263DA6B200FF01A4;
					};
					84879D5C263DA6B400FF01A4 = {
						CreatedOnToolsVersion = 12.3;
						TestTargetID = 84879D3D263DA6B200FF01A4;
					};
				};
			};
			buildConfigurationList = 84879D39263DA6B200FF01A4 /* Build configuration list for PBXProject "EpicAnimation for TV" */;
			compatibilityVersion = "Xcode 9.3";
			developmentRegion = en;
			hasScannedForEncodings = 0;
			knownRegions = (
				en,
				Base,
			);
			mainGroup = 84879D35263DA6B200FF01A4;
			productRefGroup = 84879D3F263DA6B200FF01A4 /* Products */;
			projectDirPath = "";
			projectRoot = "";
			targets = (
				84879D3D263DA6B200FF01A4 /* EpicAnimation for TV */,
				84879D51263DA6B400FF01A4 /* EpicAnimation for TVTests */,
				84879D5C263DA6B400FF01A4 /* EpicAnimation for TVUITests */,
			);
		};
/* End PBXProject section */

/* Begin PBXResourcesBuildPhase section */
		84879D3C263DA6B200FF01A4 /* Resources */ = {
			isa = PBXResourcesBuildPhase;
			buildActionMask = 2147483647;
			files = (
				84879D4C263DA6B300FF01A4 /* LaunchScreen.storyboard in Resources */,
				84769A7C263DB63400107170 /* Assets.xcassets in Resources */,
				84879D47263DA6B200FF01A4 /* Main.storyboard in Resources */,
			);
			runOnlyForDeploymentPostprocessing = 0;
		};
		84879D50263DA6B400FF01A4 /* Resources */ = {
			isa = PBXResourcesBuildPhase;
			buildActionMask = 2147483647;
			files = (
			);
			runOnlyForDeploymentPostprocessing = 0;
		};
		84879D5B263DA6B400FF01A4 /* Resources */ = {
			isa = PBXResourcesBuildPhase;
			buildActionMask = 2147483647;
			files = (
			);
			runOnlyForDeploymentPostprocessing = 0;
		};
/* End PBXResourcesBuildPhase section */

/* Begin PBXSourcesBuildPhase section */
		84879D3A263DA6B200FF01A4 /* Sources */ = {
			isa = PBXSourcesBuildPhase;
			buildActionMask = 2147483647;
			files = (
				84879D85263DA86B00FF01A4 /* FirstViewController.swift in Sources */,
				84879D95263DA90200FF01A4 /* UIColor.swift in Sources */,
				84879D8A263DA87D00FF01A4 /* GeneratorFlight.swift in Sources */,
				84879D44263DA6B200FF01A4 /* ViewController.swift in Sources */,
				84879D8F263DA88A00FF01A4 /* Flight.swift in Sources */,
				84879D42263DA6B200FF01A4 /* AppDelegate.swift in Sources */,
			);
			runOnlyForDeploymentPostprocessing = 0;
		};
		84879D4E263DA6B400FF01A4 /* Sources */ = {
			isa = PBXSourcesBuildPhase;
			buildActionMask = 2147483647;
			files = (
				84879D57263DA6B400FF01A4 /* EpicAnimation_for_TVTests.swift in Sources */,
			);
			runOnlyForDeploymentPostprocessing = 0;
		};
		84879D59263DA6B400FF01A4 /* Sources */ = {
			isa = PBXSourcesBuildPhase;
			buildActionMask = 2147483647;
			files = (
				84879D62263DA6B400FF01A4 /* EpicAnimation_for_TVUITests.swift in Sources */,
			);
			runOnlyForDeploymentPostprocessing = 0;
		};
/* End PBXSourcesBuildPhase section */

/* Begin PBXTargetDependency section */
		84879D54263DA6B400FF01A4 /* PBXTargetDependency */ = {
			isa = PBXTargetDependency;
			target = 84879D3D263DA6B200FF01A4 /* EpicAnimation for TV */;
			targetProxy = 84879D53263DA6B400FF01A4 /* PBXContainerItemProxy */;
		};
		84879D5F263DA6B400FF01A4 /* PBXTargetDependency */ = {
			isa = PBXTargetDependency;
			target = 84879D3D263DA6B200FF01A4 /* EpicAnimation for TV */;
			targetProxy = 84879D5E263DA6B400FF01A4 /* PBXContainerItemProxy */;
		};
/* End PBXTargetDependency section */

/* Begin PBXVariantGroup section */
		84879D45263DA6B200FF01A4 /* Main.storyboard */ = {
			isa = PBXVariantGroup;
			children = (
				84879D46263DA6B200FF01A4 /* Base */,
			);
			name = Main.storyboard;
			sourceTree = "<group>";
		};
		84879D4A263DA6B300FF01A4 /* LaunchScreen.storyboard */ = {
			isa = PBXVariantGroup;
			children = (
				84879D4B263DA6B300FF01A4 /* Base */,
			);
			name = LaunchScreen.storyboard;
			sourceTree = "<group>";
		};
/* End PBXVariantGroup section */

/* Begin XCBuildConfiguration section */
		84879D64263DA6B400FF01A4 /* Debug */ = {
			isa = XCBuildConfiguration;
			buildSettings = {
				ALWAYS_SEARCH_USER_PATHS = NO;
				CLANG_ANALYZER_NONNULL = YES;
				CLANG_ANALYZER_NUMBER_OBJECT_CONVERSION = YES_AGGRESSIVE;
				CLANG_CXX_LANGUAGE_STANDARD = "gnu++14";
				CLANG_CXX_LIBRARY = "libc++";
				CLANG_ENABLE_MODULES = YES;
				CLANG_ENABLE_OBJC_ARC = YES;
				CLANG_ENABLE_OBJC_WEAK = YES;
				CLANG_WARN_BLOCK_CAPTURE_AUTORELEASING = YES;
				CLANG_WARN_BOOL_CONVERSION = YES;
				CLANG_WARN_COMMA = YES;
				CLANG_WARN_CONSTANT_CONVERSION = YES;
				CLANG_WARN_DEPRECATED_OBJC_IMPLEMENTATIONS = YES;
				CLANG_WARN_DIRECT_OBJC_ISA_USAGE = YES_ERROR;
				CLANG_WARN_DOCUMENTATION_COMMENTS = YES;
				CLANG_WARN_EMPTY_BODY = YES;
				CLANG_WARN_ENUM_CONVERSION = YES;
				CLANG_WARN_INFINITE_RECURSION = YES;
				CLANG_WARN_INT_CONVERSION = YES;
				CLANG_WARN_NON_LITERAL_NULL_CONVERSION = YES;
				CLANG_WARN_OBJC_IMPLICIT_RETAIN_SELF = YES;
				CLANG_WARN_OBJC_LITERAL_CONVERSION = YES;
				CLANG_WARN_OBJC_ROOT_CLASS = YES_ERROR;
				CLANG_WARN_QUOTED_INCLUDE_IN_FRAMEWORK_HEADER = YES;
				CLANG_WARN_RANGE_LOOP_ANALYSIS = YES;
				CLANG_WARN_STRICT_PROTOTYPES = YES;
				CLANG_WARN_SUSPICIOUS_MOVE = YES;
				CLANG_WARN_UNGUARDED_AVAILABILITY = YES_AGGRESSIVE;
				CLANG_WARN_UNREACHABLE_CODE = YES;
				CLANG_WARN__DUPLICATE_METHOD_MATCH = YES;
				COPY_PHASE_STRIP = NO;
				DEBUG_INFORMATION_FORMAT = dwarf;
				ENABLE_STRICT_OBJC_MSGSEND = YES;
				ENABLE_TESTABILITY = YES;
				GCC_C_LANGUAGE_STANDARD = gnu11;
				GCC_DYNAMIC_NO_PIC = NO;
				GCC_NO_COMMON_BLOCKS = YES;
				GCC_OPTIMIZATION_LEVEL = 0;
				GCC_PREPROCESSOR_DEFINITIONS = (
					"DEBUG=1",
					"$(inherited)",
				);
				GCC_WARN_64_TO_32_BIT_CONVERSION = YES;
				GCC_WARN_ABOUT_RETURN_TYPE = YES_ERROR;
				GCC_WARN_UNDECLARED_SELECTOR = YES;
				GCC_WARN_UNINITIALIZED_AUTOS = YES_AGGRESSIVE;
				GCC_WARN_UNUSED_FUNCTION = YES;
				GCC_WARN_UNUSED_VARIABLE = YES;
				MTL_ENABLE_DEBUG_INFO = INCLUDE_SOURCE;
				MTL_FAST_MATH = YES;
				ONLY_ACTIVE_ARCH = YES;
				SDKROOT = appletvos;
				SWIFT_ACTIVE_COMPILATION_CONDITIONS = DEBUG;
				SWIFT_OPTIMIZATION_LEVEL = "-Onone";
				TVOS_DEPLOYMENT_TARGET = 14.3;
			};
			name = Debug;
		};
		84879D65263DA6B400FF01A4 /* Release */ = {
			isa = XCBuildConfiguration;
			buildSettings = {
				ALWAYS_SEARCH_USER_PATHS = NO;
				CLANG_ANALYZER_NONNULL = YES;
				CLANG_ANALYZER_NUMBER_OBJECT_CONVERSION = YES_AGGRESSIVE;
				CLANG_CXX_LANGUAGE_STANDARD = "gnu++14";
				CLANG_CXX_LIBRARY = "libc++";
				CLANG_ENABLE_MODULES = YES;
				CLANG_ENABLE_OBJC_ARC = YES;
				CLANG_ENABLE_OBJC_WEAK = YES;
				CLANG_WARN_BLOCK_CAPTURE_AUTORELEASING = YES;
				CLANG_WARN_BOOL_CONVERSION = YES;
				CLANG_WARN_COMMA = YES;
				CLANG_WARN_CONSTANT_CONVERSION = YES;
				CLANG_WARN_DEPRECATED_OBJC_IMPLEMENTATIONS = YES;
				CLANG_WARN_DIRECT_OBJC_ISA_USAGE = YES_ERROR;
				CLANG_WARN_DOCUMENTATION_COMMENTS = YES;
				CLANG_WARN_EMPTY_BODY = YES;
				CLANG_WARN_ENUM_CONVERSION = YES;
				CLANG_WARN_INFINITE_RECURSION = YES;
				CLANG_WARN_INT_CONVERSION = YES;
				CLANG_WARN_NON_LITERAL_NULL_CONVERSION = YES;
				CLANG_WARN_OBJC_IMPLICIT_RETAIN_SELF = YES;
				CLANG_WARN_OBJC_LITERAL_CONVERSION = YES;
				CLANG_WARN_OBJC_ROOT_CLASS = YES_ERROR;
				CLANG_WARN_QUOTED_INCLUDE_IN_FRAMEWORK_HEADER = YES;
				CLANG_WARN_RANGE_LOOP_ANALYSIS = YES;
				CLANG_WARN_STRICT_PROTOTYPES = YES;
				CLANG_WARN_SUSPICIOUS_MOVE = YES;
				CLANG_WARN_UNGUARDED_AVAILABILITY = YES_AGGRESSIVE;
				CLANG_WARN_UNREACHABLE_CODE = YES;
				CLANG_WARN__DUPLICATE_METHOD_MATCH = YES;
				COPY_PHASE_STRIP = NO;
				DEBUG_INFORMATION_FORMAT = "dwarf-with-dsym";
				ENABLE_NS_ASSERTIONS = NO;
				ENABLE_STRICT_OBJC_MSGSEND = YES;
				GCC_C_LANGUAGE_STANDARD = gnu11;
				GCC_NO_COMMON_BLOCKS = YES;
				GCC_WARN_64_TO_32_BIT_CONVERSION = YES;
				GCC_WARN_ABOUT_RETURN_TYPE = YES_ERROR;
				GCC_WARN_UNDECLARED_SELECTOR = YES;
				GCC_WARN_UNINITIALIZED_AUTOS = YES_AGGRESSIVE;
				GCC_WARN_UNUSED_FUNCTION = YES;
				GCC_WARN_UNUSED_VARIABLE = YES;
				MTL_ENABLE_DEBUG_INFO = NO;
				MTL_FAST_MATH = YES;
				SDKROOT = appletvos;
				SWIFT_COMPILATION_MODE = wholemodule;
				SWIFT_OPTIMIZATION_LEVEL = "-O";
				TVOS_DEPLOYMENT_TARGET = 14.3;
				VALIDATE_PRODUCT = YES;
			};
			name = Release;
		};
		84879D67263DA6B400FF01A4 /* Debug */ = {
			isa = XCBuildConfiguration;
			buildSettings = {
				ASSETCATALOG_COMPILER_APPICON_NAME = "App Icon & Top Shelf Image";
				ASSETCATALOG_COMPILER_GLOBAL_ACCENT_COLOR_NAME = AccentColor;
				CODE_SIGN_STYLE = Automatic;
				DEVELOPMENT_TEAM = V7PYZ98YA8;
				INFOPLIST_FILE = "EpicAnimation for TV/Info.plist";
				LD_RUNPATH_SEARCH_PATHS = (
					"$(inherited)",
					"@executable_path/Frameworks",
				);
				PRODUCT_BUNDLE_IDENTIFIER = "fr.Jules.EpicAnimation-for-TV";
				PRODUCT_NAME = "$(TARGET_NAME)";
				SWIFT_VERSION = 5.0;
				TARGETED_DEVICE_FAMILY = 3;
			};
			name = Debug;
		};
		84879D68263DA6B400FF01A4 /* Release */ = {
			isa = XCBuildConfiguration;
			buildSettings = {
				ASSETCATALOG_COMPILER_APPICON_NAME = "App Icon & Top Shelf Image";
				ASSETCATALOG_COMPILER_GLOBAL_ACCENT_COLOR_NAME = AccentColor;
				CODE_SIGN_STYLE = Automatic;
				DEVELOPMENT_TEAM = V7PYZ98YA8;
				INFOPLIST_FILE = "EpicAnimation for TV/Info.plist";
				LD_RUNPATH_SEARCH_PATHS = (
					"$(inherited)",
					"@executable_path/Frameworks",
				);
				PRODUCT_BUNDLE_IDENTIFIER = "fr.Jules.EpicAnimation-for-TV";
				PRODUCT_NAME = "$(TARGET_NAME)";
				SWIFT_VERSION = 5.0;
				TARGETED_DEVICE_FAMILY = 3;
			};
			name = Release;
		};
		84879D6A263DA6B400FF01A4 /* Debug */ = {
			isa = XCBuildConfiguration;
			buildSettings = {
				ALWAYS_EMBED_SWIFT_STANDARD_LIBRARIES = YES;
				BUNDLE_LOADER = "$(TEST_HOST)";
				CODE_SIGN_STYLE = Automatic;
				DEVELOPMENT_TEAM = V7PYZ98YA8;
				INFOPLIST_FILE = "EpicAnimation for TVTests/Info.plist";
				LD_RUNPATH_SEARCH_PATHS = (
					"$(inherited)",
					"@executable_path/Frameworks",
					"@loader_path/Frameworks",
				);
				PRODUCT_BUNDLE_IDENTIFIER = "fr.Jules.EpicAnimation-for-TVTests";
				PRODUCT_NAME = "$(TARGET_NAME)";
				SWIFT_VERSION = 5.0;
				TARGETED_DEVICE_FAMILY = 3;
				TEST_HOST = "$(BUILT_PRODUCTS_DIR)/EpicAnimation for TV.app/EpicAnimation for TV";
				TVOS_DEPLOYMENT_TARGET = 14.3;
			};
			name = Debug;
		};
		84879D6B263DA6B400FF01A4 /* Release */ = {
			isa = XCBuildConfiguration;
			buildSettings = {
				ALWAYS_EMBED_SWIFT_STANDARD_LIBRARIES = YES;
				BUNDLE_LOADER = "$(TEST_HOST)";
				CODE_SIGN_STYLE = Automatic;
				DEVELOPMENT_TEAM = V7PYZ98YA8;
				INFOPLIST_FILE = "EpicAnimation for TVTests/Info.plist";
				LD_RUNPATH_SEARCH_PATHS = (
					"$(inherited)",
					"@executable_path/Frameworks",
					"@loader_path/Frameworks",
				);
				PRODUCT_BUNDLE_IDENTIFIER = "fr.Jules.EpicAnimation-for-TVTests";
				PRODUCT_NAME = "$(TARGET_NAME)";
				SWIFT_VERSION = 5.0;
				TARGETED_DEVICE_FAMILY = 3;
				TEST_HOST = "$(BUILT_PRODUCTS_DIR)/EpicAnimation for TV.app/EpicAnimation for TV";
				TVOS_DEPLOYMENT_TARGET = 14.3;
			};
			name = Release;
		};
		84879D6D263DA6B400FF01A4 /* Debug */ = {
			isa = XCBuildConfiguration;
			buildSettings = {
				ALWAYS_EMBED_SWIFT_STANDARD_LIBRARIES = YES;
				CODE_SIGN_STYLE = Automatic;
				DEVELOPMENT_TEAM = V7PYZ98YA8;
				INFOPLIST_FILE = "EpicAnimation for TVUITests/Info.plist";
				LD_RUNPATH_SEARCH_PATHS = (
					"$(inherited)",
					"@executable_path/Frameworks",
					"@loader_path/Frameworks",
				);
				PRODUCT_BUNDLE_IDENTIFIER = "fr.Jules.EpicAnimation-for-TVUITests";
				PRODUCT_NAME = "$(TARGET_NAME)";
				SWIFT_VERSION = 5.0;
				TARGETED_DEVICE_FAMILY = 3;
				TEST_TARGET_NAME = "EpicAnimation for TV";
			};
			name = Debug;
		};
		84879D6E263DA6B400FF01A4 /* Release */ = {
			isa = XCBuildConfiguration;
			buildSettings = {
				ALWAYS_EMBED_SWIFT_STANDARD_LIBRARIES = YES;
				CODE_SIGN_STYLE = Automatic;
				DEVELOPMENT_TEAM = V7PYZ98YA8;
				INFOPLIST_FILE = "EpicAnimation for TVUITests/Info.plist";
				LD_RUNPATH_SEARCH_PATHS = (
					"$(inherited)",
					"@executable_path/Frameworks",
					"@loader_path/Frameworks",
				);
				PRODUCT_BUNDLE_IDENTIFIER = "fr.Jules.EpicAnimation-for-TVUITests";
				PRODUCT_NAME = "$(TARGET_NAME)";
				SWIFT_VERSION = 5.0;
				TARGETED_DEVICE_FAMILY = 3;
				TEST_TARGET_NAME = "EpicAnimation for TV";
			};
			name = Release;
		};
/* End XCBuildConfiguration section */

/* Begin XCConfigurationList section */
		84879D39263DA6B200FF01A4 /* Build configuration list for PBXProject "EpicAnimation for TV" */ = {
			isa = XCConfigurationList;
			buildConfigurations = (
				84879D64263DA6B400FF01A4 /* Debug */,
				84879D65263DA6B400FF01A4 /* Release */,
			);
			defaultConfigurationIsVisible = 0;
			defaultConfigurationName = Release;
		};
		84879D66263DA6B400FF01A4 /* Build configuration list for PBXNativeTarget "EpicAnimation for TV" */ = {
			isa = XCConfigurationList;
			buildConfigurations = (
				84879D67263DA6B400FF01A4 /* Debug */,
				84879D68263DA6B400FF01A4 /* Release */,
			);
			defaultConfigurationIsVisible = 0;
			defaultConfigurationName = Release;
		};
		84879D69263DA6B400FF01A4 /* Build configuration list for PBXNativeTarget "EpicAnimation for TVTests" */ = {
			isa = XCConfigurationList;
			buildConfigurations = (
				84879D6A263DA6B400FF01A4 /* Debug */,
				84879D6B263DA6B400FF01A4 /* Release */,
			);
			defaultConfigurationIsVisible = 0;
			defaultConfigurationName = Release;
		};
		84879D6C263DA6B400FF01A4 /* Build configuration list for PBXNativeTarget "EpicAnimation for TVUITests" */ = {
			isa = XCConfigurationList;
			buildConfigurations = (
				84879D6D263DA6B400FF01A4 /* Debug */,
				84879D6E263DA6B400FF01A4 /* Release */,
			);
			defaultConfigurationIsVisible = 0;
			defaultConfigurationName = Release;
		};
/* End XCConfigurationList section */
	};
	rootObject = 84879D36263DA6B200FF01A4 /* Project object */;
}
